Microsoft Visual Studio Solution File, Format Version 12.00
# Visual Studio 15
VisualStudioVersion = 15.0.28010.2041
MinimumVisualStudioVersion = 10.0.40219.1
Project("{FAE04EC0-301F-11D3-BF4B-00C04F79EFBC}") = "DAL", "..\DAL\DAL.csproj", "{8644135F-6429-4AD3-ADD4-8BADD840B589}"
EndProject
Project("{F14B399A-7131-4C87-9E4B-1186C45EF12D}") = "Reports", "..\Reports\Reports.rptproj", "{D71E4C05-FC2C-4F5C-BDE6-A026805C5EF0}"
EndProject
Project("{FAE04EC0-301F-11D3-BF4B-00C04F79EFBC}") = "HMS", "HMS.csproj", "{FFA14366-5CAB-4620-B5EC-2558963AD55E}"
EndProject
Global
	GlobalSection(SolutionConfigurationPlatforms) = preSolution
		Debug|Any CPU = Debug|Any CPU
		Debug|x64 = Debug|x64
		Debug|x86 = Debug|x86
		DebugLocal|Any CPU = DebugLocal|Any CPU
		DebugLocal|x64 = DebugLocal|x64
		DebugLocal|x86 = DebugLocal|x86
		Release|Any CPU = Release|Any CPU
		Release|x64 = Release|x64
		Release|x86 = Release|x86
	EndGlobalSection
	GlobalSection(ProjectConfigurationPlatforms) = postSolution
		{8644135F-6429-4AD3-ADD4-8BADD840B589}.Debug|Any CPU.ActiveCfg = Debug|Any CPU
		{8644135F-6429-4AD3-ADD4-8BADD840B589}.Debug|Any CPU.Build.0 = Debug|Any CPU
		{8644135F-6429-4AD3-ADD4-8BADD840B589}.Debug|x64.ActiveCfg = Debug|Any CPU
		{8644135F-6429-4AD3-ADD4-8BADD840B589}.Debug|x64.Build.0 = Debug|Any CPU
		{8644135F-6429-4AD3-ADD4-8BADD840B589}.Debug|x86.ActiveCfg = Debug|Any CPU
		{8644135F-6429-4AD3-ADD4-8BADD840B589}.Debug|x86.Build.0 = Debug|Any CPU
		{8644135F-6429-4AD3-ADD4-8BADD840B589}.DebugLocal|Any CPU.ActiveCfg = Debug|Any CPU
		{8644135F-6429-4AD3-ADD4-8BADD840B589}.DebugLocal|Any CPU.Build.0 = Debug|Any CPU
		{8644135F-6429-4AD3-ADD4-8BADD840B589}.DebugLocal|x64.ActiveCfg = Debug|Any CPU
		{8644135F-6429-4AD3-ADD4-8BADD840B589}.DebugLocal|x64.Build.0 = Debug|Any CPU
		{8644135F-6429-4AD3-ADD4-8BADD840B589}.DebugLocal|x86.ActiveCfg = Debug|Any CPU
		{8644135F-6429-4AD3-ADD4-8BADD840B589}.DebugLocal|x86.Build.0 = Debug|Any CPU
		{8644135F-6429-4AD3-ADD4-8BADD840B589}.Release|Any CPU.ActiveCfg = Release|Any CPU
		{8644135F-6429-4AD3-ADD4-8BADD840B589}.Release|Any CPU.Build.0 = Release|Any CPU
		{8644135F-6429-4AD3-ADD4-8BADD840B589}.Release|x64.ActiveCfg = Release|Any CPU
		{8644135F-6429-4AD3-ADD4-8BADD840B589}.Release|x64.Build.0 = Release|Any CPU
		{8644135F-6429-4AD3-ADD4-8BADD840B589}.Release|x86.ActiveCfg = Release|Any CPU
		{8644135F-6429-4AD3-ADD4-8BADD840B589}.Release|x86.Build.0 = Release|Any CPU
		{D71E4C05-FC2C-4F5C-BDE6-A026805C5EF0}.Debug|Any CPU.ActiveCfg = Debug
		{D71E4C05-FC2C-4F5C-BDE6-A026805C5EF0}.Debug|Any CPU.Build.0 = Debug
		{D71E4C05-FC2C-4F5C-BDE6-A026805C5EF0}.Debug|Any CPU.Deploy.0 = Debug
		{D71E4C05-FC2C-4F5C-BDE6-A026805C5EF0}.Debug|x64.ActiveCfg = Debug
		{D71E4C05-FC2C-4F5C-BDE6-A026805C5EF0}.Debug|x64.Build.0 = Debug
		{D71E4C05-FC2C-4F5C-BDE6-A026805C5EF0}.Debug|x64.Deploy.0 = Debug
		{D71E4C05-FC2C-4F5C-BDE6-A026805C5EF0}.Debug|x86.ActiveCfg = Debug
		{D71E4C05-FC2C-4F5C-BDE6-A026805C5EF0}.Debug|x86.Build.0 = Debug
		{D71E4C05-FC2C-4F5C-BDE6-A026805C5EF0}.Debug|x86.Deploy.0 = Debug
		{D71E4C05-FC2C-4F5C-BDE6-A026805C5EF0}.DebugLocal|Any CPU.ActiveCfg = DebugLocal
		{D71E4C05-FC2C-4F5C-BDE6-A026805C5EF0}.DebugLocal|Any CPU.Build.0 = DebugLocal
		{D71E4C05-FC2C-4F5C-BDE6-A026805C5EF0}.DebugLocal|Any CPU.Deploy.0 = DebugLocal
		{D71E4C05-FC2C-4F5C-BDE6-A026805C5EF0}.DebugLocal|x64.ActiveCfg = DebugLocal
		{D71E4C05-FC2C-4F5C-BDE6-A026805C5EF0}.DebugLocal|x64.Build.0 = DebugLocal
		{D71E4C05-FC2C-4F5C-BDE6-A026805C5EF0}.DebugLocal|x64.Deploy.0 = DebugLocal
		{D71E4C05-FC2C-4F5C-BDE6-A026805C5EF0}.DebugLocal|x86.ActiveCfg = DebugLocal
		{D71E4C05-FC2C-4F5C-BDE6-A026805C5EF0}.DebugLocal|x86.Build.0 = DebugLocal
		{D71E4C05-FC2C-4F5C-BDE6-A026805C5EF0}.DebugLocal|x86.Deploy.0 = DebugLocal
		{D71E4C05-FC2C-4F5C-BDE6-A026805C5EF0}.Release|Any CPU.ActiveCfg = Release
		{D71E4C05-FC2C-4F5C-BDE6-A026805C5EF0}.Release|Any CPU.Build.0 = Release
		{D71E4C05-FC2C-4F5C-BDE6-A026805C5EF0}.Release|Any CPU.Deploy.0 = Release
		{D71E4C05-FC2C-4F5C-BDE6-A026805C5EF0}.Release|x64.ActiveCfg = Release
		{D71E4C05-FC2C-4F5C-BDE6-A026805C5EF0}.Release|x64.Build.0 = Release
		{D71E4C05-FC2C-4F5C-BDE6-A026805C5EF0}.Release|x64.Deploy.0 = Release
		{D71E4C05-FC2C-4F5C-BDE6-A026805C5EF0}.Release|x86.ActiveCfg = Release
		{D71E4C05-FC2C-4F5C-BDE6-A026805C5EF0}.Release|x86.Build.0 = Release
		{D71E4C05-FC2C-4F5C-BDE6-A026805C5EF0}.Release|x86.Deploy.0 = Release
		{FFA14366-5CAB-4620-B5EC-2558963AD55E}.Debug|Any CPU.ActiveCfg = Debug|Any CPU
		{FFA14366-5CAB-4620-B5EC-2558963AD55E}.Debug|Any CPU.Build.0 = Debug|Any CPU
		{FFA14366-5CAB-4620-B5EC-2558963AD55E}.Debug|x64.ActiveCfg = Debug|x64
		{FFA14366-5CAB-4620-B5EC-2558963AD55E}.Debug|x64.Build.0 = Debug|x64
		{FFA14366-5CAB-4620-B5EC-2558963AD55E}.Debug|x86.ActiveCfg = Debug|Any CPU
		{FFA14366-5CAB-4620-B5EC-2558963AD55E}.Debug|x86.Build.0 = Debug|Any CPU
		{FFA14366-5CAB-4620-B5EC-2558963AD55E}.DebugLocal|Any CPU.ActiveCfg = Debug|Any CPU
		{FFA14366-5CAB-4620-B5EC-2558963AD55E}.DebugLocal|Any CPU.Build.0 = Debug|Any CPU
		{FFA14366-5CAB-4620-B5EC-2558963AD55E}.DebugLocal|x64.ActiveCfg = Debug|x64
		{FFA14366-5CAB-4620-B5EC-2558963AD55E}.DebugLocal|x64.Build.0 = Debug|x64
		{FFA14366-5CAB-4620-B5EC-2558963AD55E}.DebugLocal|x86.ActiveCfg = Debug|Any CPU
		{FFA14366-5CAB-4620-B5EC-2558963AD55E}.DebugLocal|x86.Build.0 = Debug|Any CPU
		{FFA14366-5CAB-4620-B5EC-2558963AD55E}.Release|Any CPU.ActiveCfg = Release|Any CPU
		{FFA14366-5CAB-4620-B5EC-2558963AD55E}.Release|Any CPU.Build.0 = Release|Any CPU
		{FFA14366-5CAB-4620-B5EC-2558963AD55E}.Release|x64.ActiveCfg = Release|x64
		{FFA14366-5CAB-4620-B5EC-2558963AD55E}.Release|x64.Build.0 = Release|x64
		{FFA14366-5CAB-4620-B5EC-2558963AD55E}.Release|x86.ActiveCfg = Release|Any CPU
		{FFA14366-5CAB-4620-B5EC-2558963AD55E}.Release|x86.Build.0 = Release|Any CPU
	EndGlobalSection
	GlobalSection(SolutionProperties) = preSolution
		HideSolutionNode = FALSE
	EndGlobalSection
	GlobalSection(ExtensibilityGlobals) = postSolution
		SolutionGuid = {6B107065-0240-4011-8805-8239464131D6}
	EndGlobalSection
EndGlobal
